
Microsoft Visual Studio Solution File, Format Version 12.00
# Visual Studio Version 17
VisualStudioVersion = 17.0.31903.59
MinimumVisualStudioVersion = 10.0.40219.1
Project("{FAE04EC0-301F-11D3-BF4B-00C04F79EFBC}") = "GameScore.Dominio", "GameScore.Dominio\GameScore.Dominio.csproj", "{2E62A880-56DC-4EC3-87AF-320E778EACC2}"
EndProject
Project("{FAE04EC0-301F-11D3-BF4B-00C04F79EFBC}") = "GameScore.Repositorio", "GameScore.Repositorio\GameScore.Repositorio.csproj", "{96BC46A0-BA1B-49EE-A50C-E12F10F6D083}"
EndProject
Project("{FAE04EC0-301F-11D3-BF4B-00C04F79EFBC}") = "GameScore.Aplicacao", "GameScore.Aplicacao\GameScore.Aplicacao.csproj", "{96D8C6E7-462D-4B7D-A303-9BAD2E887479}"
EndProject
Global
	GlobalSection(SolutionConfigurationPlatforms) = preSolution
		Debug|Any CPU = Debug|Any CPU
		Debug|x64 = Debug|x64
		Debug|x86 = Debug|x86
		Release|Any CPU = Release|Any CPU
		Release|x64 = Release|x64
		Release|x86 = Release|x86
	EndGlobalSection
	GlobalSection(ProjectConfigurationPlatforms) = postSolution
		{2E62A880-56DC-4EC3-87AF-320E778EACC2}.Debug|Any CPU.ActiveCfg = Debug|Any CPU
		{2E62A880-56DC-4EC3-87AF-320E778EACC2}.Debug|Any CPU.Build.0 = Debug|Any CPU
		{2E62A880-56DC-4EC3-87AF-320E778EACC2}.Debug|x64.ActiveCfg = Debug|Any CPU
		{2E62A880-56DC-4EC3-87AF-320E778EACC2}.Debug|x64.Build.0 = Debug|Any CPU
		{2E62A880-56DC-4EC3-87AF-320E778EACC2}.Debug|x86.ActiveCfg = Debug|Any CPU
		{2E62A880-56DC-4EC3-87AF-320E778EACC2}.Debug|x86.Build.0 = Debug|Any CPU
		{2E62A880-56DC-4EC3-87AF-320E778EACC2}.Release|Any CPU.ActiveCfg = Release|Any CPU
		{2E62A880-56DC-4EC3-87AF-320E778EACC2}.Release|Any CPU.Build.0 = Release|Any CPU
		{2E62A880-56DC-4EC3-87AF-320E778EACC2}.Release|x64.ActiveCfg = Release|Any CPU
		{2E62A880-56DC-4EC3-87AF-320E778EACC2}.Release|x64.Build.0 = Release|Any CPU
		{2E62A880-56DC-4EC3-87AF-320E778EACC2}.Release|x86.ActiveCfg = Release|Any CPU
		{2E62A880-56DC-4EC3-87AF-320E778EACC2}.Release|x86.Build.0 = Release|Any CPU
		{96BC46A0-BA1B-49EE-A50C-E12F10F6D083}.Debug|Any CPU.ActiveCfg = Debug|Any CPU
		{96BC46A0-BA1B-49EE-A50C-E12F10F6D083}.Debug|Any CPU.Build.0 = Debug|Any CPU
		{96BC46A0-BA1B-49EE-A50C-E12F10F6D083}.Debug|x64.ActiveCfg = Debug|Any CPU
		{96BC46A0-BA1B-49EE-A50C-E12F10F6D083}.Debug|x64.Build.0 = Debug|Any CPU
		{96BC46A0-BA1B-49EE-A50C-E12F10F6D083}.Debug|x86.ActiveCfg = Debug|Any CPU
		{96BC46A0-BA1B-49EE-A50C-E12F10F6D083}.Debug|x86.Build.0 = Debug|Any CPU
		{96BC46A0-BA1B-49EE-A50C-E12F10F6D083}.Release|Any CPU.ActiveCfg = Release|Any CPU
		{96BC46A0-BA1B-49EE-A50C-E12F10F6D083}.Release|Any CPU.Build.0 = Release|Any CPU
		{96BC46A0-BA1B-49EE-A50C-E12F10F6D083}.Release|x64.ActiveCfg = Release|Any CPU
		{96BC46A0-BA1B-49EE-A50C-E12F10F6D083}.Release|x64.Build.0 = Release|Any CPU
		{96BC46A0-BA1B-49EE-A50C-E12F10F6D083}.Release|x86.ActiveCfg = Release|Any CPU
		{96BC46A0-BA1B-49EE-A50C-E12F10F6D083}.Release|x86.Build.0 = Release|Any CPU
		{96D8C6E7-462D-4B7D-A303-9BAD2E887479}.Debug|Any CPU.ActiveCfg = Debug|Any CPU
		{96D8C6E7-462D-4B7D-A303-9BAD2E887479}.Debug|Any CPU.Build.0 = Debug|Any CPU
		{96D8C6E7-462D-4B7D-A303-9BAD2E887479}.Debug|x64.ActiveCfg = Debug|Any CPU
		{96D8C6E7-462D-4B7D-A303-9BAD2E887479}.Debug|x64.Build.0 = Debug|Any CPU
		{96D8C6E7-462D-4B7D-A303-9BAD2E887479}.Debug|x86.ActiveCfg = Debug|Any CPU
		{96D8C6E7-462D-4B7D-A303-9BAD2E887479}.Debug|x86.Build.0 = Debug|Any CPU
		{96D8C6E7-462D-4B7D-A303-9BAD2E887479}.Release|Any CPU.ActiveCfg = Release|Any CPU
		{96D8C6E7-462D-4B7D-A303-9BAD2E887479}.Release|Any CPU.Build.0 = Release|Any CPU
		{96D8C6E7-462D-4B7D-A303-9BAD2E887479}.Release|x64.ActiveCfg = Release|Any CPU
		{96D8C6E7-462D-4B7D-A303-9BAD2E887479}.Release|x64.Build.0 = Release|Any CPU
		{96D8C6E7-462D-4B7D-A303-9BAD2E887479}.Release|x86.ActiveCfg = Release|Any CPU
		{96D8C6E7-462D-4B7D-A303-9BAD2E887479}.Release|x86.Build.0 = Release|Any CPU
	EndGlobalSection
	GlobalSection(SolutionProperties) = preSolution
		HideSolutionNode = FALSE
	EndGlobalSection
EndGlobal
